{
 "graph_lock": {
  "nodes": {
   "0": {
    "ref": "blink/0.1",
    "options": "fPIC=True\nshared=False",
    "path": "conanfile.py",
    "context": "host"
   }
  },
  "revisions_enabled": false
 },
 "version": "0.4",
 "profile_host": "[settings]\narch=armv6\narch_build=x86_64\nbuild_type=Release\ncompiler=apple-clang\ncompiler.libcxx=libc++\ncompiler.version=12.0\nos=Linux\nos_build=Macos\n[options]\n[build_requires]\n[env]\nCONAN_CMAKE_FIND_ROOT_PATH=/usr/local/bin/"
}